
Microsoft Visual Studio Solution File, Format Version 12.00
# Visual Studio Version 16
VisualStudioVersion = 16.0.29613.14
MinimumVisualStudioVersion = 10.0.40219.1
Project("{FAE04EC0-301F-11D3-BF4B-00C04F79EFBC}") = "webapp2", "webapp2\webapp2.csproj", "{4BB9FA01-C96A-4A61-8846-078A5196060D}"
EndProject
Global
	GlobalSection(SolutionConfigurationPlatforms) = preSolution
		Debug|Any CPU = Debug|Any CPU
		Release|Any CPU = Release|Any CPU
	EndGlobalSection
	GlobalSection(ProjectConfigurationPlatforms) = postSolution
		{4BB9FA01-C96A-4A61-8846-078A5196060D}.Debug|Any CPU.ActiveCfg = Debug|Any CPU
		{4BB9FA01-C96A-4A61-8846-078A5196060D}.Debug|Any CPU.Build.0 = Debug|Any CPU
		{4BB9FA01-C96A-4A61-8846-078A5196060D}.Release|Any CPU.ActiveCfg = Release|Any CPU
		{4BB9FA01-C96A-4A61-8846-078A5196060D}.Release|Any CPU.Build.0 = Release|Any CPU
	EndGlobalSection
	GlobalSection(SolutionProperties) = preSolution
		HideSolutionNode = FALSE
	EndGlobalSection
	GlobalSection(ExtensibilityGlobals) = postSolution
		SolutionGuid = {69F730FD-C8FB-4C23-8FA3-B96D7EDE8D1F}
	EndGlobalSection
EndGlobal
